
Microsoft Visual Studio Solution File, Format Version 12.00
# Visual Studio Version 17
VisualStudioVersion = 17.14.36221.1 d17.14
MinimumVisualStudioVersion = 10.0.40219.1
Project("{FAE04EC0-301F-11D3-BF4B-00C04F79EFBC}") = "Packaging-Printing-Costing-and-Operations-Management", "Packaging-Printing-Costing-and-Operations-Management.csproj", "{DB886AD1-22CA-43CF-A246-24AD587C881D}"
EndProject
Global
	GlobalSection(SolutionConfigurationPlatforms) = preSolution
		Debug|Any CPU = Debug|Any CPU
		Release|Any CPU = Release|Any CPU
	EndGlobalSection
	GlobalSection(ProjectConfigurationPlatforms) = postSolution
		{DB886AD1-22CA-43CF-A246-24AD587C881D}.Debug|Any CPU.ActiveCfg = Debug|Any CPU
		{DB886AD1-22CA-43CF-A246-24AD587C881D}.Debug|Any CPU.Build.0 = Debug|Any CPU
		{DB886AD1-22CA-43CF-A246-24AD587C881D}.Release|Any CPU.ActiveCfg = Release|Any CPU
		{DB886AD1-22CA-43CF-A246-24AD587C881D}.Release|Any CPU.Build.0 = Release|Any CPU
	EndGlobalSection
	GlobalSection(SolutionProperties) = preSolution
		HideSolutionNode = FALSE
	EndGlobalSection
	GlobalSection(ExtensibilityGlobals) = postSolution
		SolutionGuid = {02EB89B9-BA6A-4FAC-B37B-62E635E5BE6F}
	EndGlobalSection
EndGlobal
