Microsoft Visual Studio Solution File, Format Version 12.00
# Visual Studio Version 17
VisualStudioVersion = 17.5.2.0
MinimumVisualStudioVersion = 10.0.40219.1
Project("{FAE04EC0-301F-11D3-BF4B-00C04F79EFBC}") = "PPCOM.Data", "PPCOM.Data.csproj", "{176B588C-5C1A-98ED-AF69-A4339A7D4A03}"
EndProject
Global
	GlobalSection(SolutionConfigurationPlatforms) = preSolution
		Debug|Any CPU = Debug|Any CPU
		Release|Any CPU = Release|Any CPU
	EndGlobalSection
	GlobalSection(ProjectConfigurationPlatforms) = postSolution
		{176B588C-5C1A-98ED-AF69-A4339A7D4A03}.Debug|Any CPU.ActiveCfg = Debug|Any CPU
		{176B588C-5C1A-98ED-AF69-A4339A7D4A03}.Debug|Any CPU.Build.0 = Debug|Any CPU
		{176B588C-5C1A-98ED-AF69-A4339A7D4A03}.Release|Any CPU.ActiveCfg = Release|Any CPU
		{176B588C-5C1A-98ED-AF69-A4339A7D4A03}.Release|Any CPU.Build.0 = Release|Any CPU
	EndGlobalSection
	GlobalSection(SolutionProperties) = preSolution
		HideSolutionNode = FALSE
	EndGlobalSection
	GlobalSection(ExtensibilityGlobals) = postSolution
		SolutionGuid = {36A21792-5475-428A-90C2-22E9E21F4DA6}
	EndGlobalSection
EndGlobal
